
Microsoft Visual Studio Solution File, Format Version 12.00
# Visual Studio Version 16
VisualStudioVersion = 16.0.30907.101
MinimumVisualStudioVersion = 10.0.40219.1
Project("{8BC9CEB8-8B4A-11D0-8D11-00A0C91BC942}") = "HWIDEXE", "HWIDEXE\HWIDEXE.vcxproj", "{22D80E11-D280-4454-8B73-D1C8BF10DBD3}"
EndProject
Global
	GlobalSection(SolutionConfigurationPlatforms) = preSolution
		Debug|x64 = Debug|x64
		Debug|x86 = Debug|x86
		Release|x64 = Release|x64
		Release|x86 = Release|x86
	EndGlobalSection
	GlobalSection(ProjectConfigurationPlatforms) = postSolution
		{22D80E11-D280-4454-8B73-D1C8BF10DBD3}.Debug|x64.ActiveCfg = Debug|x64
		{22D80E11-D280-4454-8B73-D1C8BF10DBD3}.Debug|x64.Build.0 = Debug|x64
		{22D80E11-D280-4454-8B73-D1C8BF10DBD3}.Debug|x86.ActiveCfg = Debug|Win32
		{22D80E11-D280-4454-8B73-D1C8BF10DBD3}.Debug|x86.Build.0 = Debug|Win32
		{22D80E11-D280-4454-8B73-D1C8BF10DBD3}.Release|x64.ActiveCfg = Release|x64
		{22D80E11-D280-4454-8B73-D1C8BF10DBD3}.Release|x64.Build.0 = Release|x64
		{22D80E11-D280-4454-8B73-D1C8BF10DBD3}.Release|x86.ActiveCfg = Release|Win32
		{22D80E11-D280-4454-8B73-D1C8BF10DBD3}.Release|x86.Build.0 = Release|Win32
	EndGlobalSection
	GlobalSection(SolutionProperties) = preSolution
		HideSolutionNode = FALSE
	EndGlobalSection
	GlobalSection(ExtensibilityGlobals) = postSolution
		SolutionGuid = {27CF6DEF-17FB-4315-A6ED-B2052C06235D}
	EndGlobalSection
EndGlobal
